dependencies:
- name: pgvector
  repository: https://rh-ai-quickstart.github.io/ai-architecture-charts
  version: 0.1.0
- name: llm-service
  repository: https://rh-ai-quickstart.github.io/ai-architecture-charts
  version: 0.5.6
- name: ogx-ai
  repository: https://rh-ai-quickstart.github.io/ai-architecture-charts
  version: 0.8.6
- name: mcp-servers
  repository: https://rh-ai-quickstart.github.io/ai-architecture-charts
  version: 0.5.17
- name: ticketingZammad
  repository: file://./zammad
  version: 0.1.0
digest: sha256:ecd99acead70700a15c38c7d7b5951cc9283462fdfa1563d1cc8fa368c66df5a
generated: "2026-08-25T01:19:26.334671341+03:00"
