dependencies:
- name: pgvector
  repository: https://rh-ai-quickstart.github.io/ai-architecture-charts
  version: 0.1.0
- name: llm-service
  repository: https://rh-ai-quickstart.github.io/ai-architecture-charts
  version: 0.5.6
- name: llama-stack
  repository: https://rh-ai-quickstart.github.io/ai-architecture-charts
  version: 0.8.9
- name: mcp-servers
  repository: https://rh-ai-quickstart.github.io/ai-architecture-charts
  version: 0.5.17
- name: ticketingZammad
  repository: file://./zammad
  version: 0.1.0
digest: sha256:aaded133869ee9f5deaa1709eb2f7246c2adf6694da0b737a0cf0462ace0d78f
generated: "2026-08-20T23:11:36.684114426+03:00"
